
Microsoft Visual Studio Solution File, Format Version 12.00
# Visual Studio Version 17
VisualStudioVersion = 17.0.31825.309
MinimumVisualStudioVersion = 10.0.40219.1
Project("{9A19103F-16F7-4668-BE54-9A1E7A4F7556}") = "AdventOfCode_Day01", "AdventOfCode_Day01\AdventOfCode_Day01.csproj", "{7E84D579-0FB3-4387-BB29-B9D08A5A06D8}"
EndProject
Project("{9A19103F-16F7-4668-BE54-9A1E7A4F7556}") = "AdventOfCode_Day02", "AdventOfCode_Day02\AdventOfCode_Day02.csproj", "{26654D73-325A-466B-AA0F-4707233DBB6A}"
EndProject
Project("{9A19103F-16F7-4668-BE54-9A1E7A4F7556}") = "AdventOfCode_Day03", "AdventOfCode_Day03\AdventOfCode_Day03.csproj", "{2FF9236B-57D5-4EF1-8315-C34F1D90BB94}"
EndProject
Project("{9A19103F-16F7-4668-BE54-9A1E7A4F7556}") = "AdventOfCode_Day04", "AdventOfCode_Day04\AdventOfCode_Day04.csproj", "{DA77BA2D-C293-4E5A-B2C1-5EAB3C3AC4BC}"
EndProject
Project("{9A19103F-16F7-4668-BE54-9A1E7A4F7556}") = "AdventOfCode_Day05", "AdventOfCode_Day05\AdventOfCode_Day05.csproj", "{736BC199-38F5-4B9B-B9CB-77ECF74773EC}"
EndProject
Project("{9A19103F-16F7-4668-BE54-9A1E7A4F7556}") = "AdventOfCode_Day06", "AdventOfCode_Day06\AdventOfCode_Day06.csproj", "{7088CE54-04A0-4014-BB3F-5482033AAE0F}"
EndProject
Project("{9A19103F-16F7-4668-BE54-9A1E7A4F7556}") = "AdventOfCode_Day07", "AdventOfCode_Day07\AdventOfCode_Day07.csproj", "{C116A1C7-870D-484B-8BF4-44F3DC4CAAC7}"
EndProject
Project("{9A19103F-16F7-4668-BE54-9A1E7A4F7556}") = "AdventOfCode_Day08", "AdventOfCode_Day08\AdventOfCode_Day08.csproj", "{8CF6C709-31FB-4289-8076-CF161D767D54}"
EndProject
Project("{9A19103F-16F7-4668-BE54-9A1E7A4F7556}") = "AdventOfCode_Day09", "AdventOfCode_Day09\AdventOfCode_Day09.csproj", "{1D39AC4A-480B-4A42-8EF8-CA16AC9EA686}"
EndProject
Project("{9A19103F-16F7-4668-BE54-9A1E7A4F7556}") = "AdventOfCode_Day10", "AdventOfCode_Day10\AdventOfCode_Day10.csproj", "{58C341D9-CDB5-4B1E-9111-A530ACE54166}"
EndProject
Project("{9A19103F-16F7-4668-BE54-9A1E7A4F7556}") = "AdventOfCode_Day11", "AdventOfCode_Day11\AdventOfCode_Day11.csproj", "{7CFC282C-3AA0-4890-B440-28A2AD11BA3E}"
EndProject
Project("{FAE04EC0-301F-11D3-BF4B-00C04F79EFBC}") = "AdventOfCode_Day12", "AdventOfCode_Day12\AdventOfCode_Day12.csproj", "{1F68901F-6302-458C-9FF7-A0E5D2070C85}"
EndProject
Global
	GlobalSection(SolutionConfigurationPlatforms) = preSolution
		Debug|Any CPU = Debug|Any CPU
		Release|Any CPU = Release|Any CPU
	EndGlobalSection
	GlobalSection(ProjectConfigurationPlatforms) = postSolution
		{7E84D579-0FB3-4387-BB29-B9D08A5A06D8}.Debug|Any CPU.ActiveCfg = Debug|Any CPU
		{7E84D579-0FB3-4387-BB29-B9D08A5A06D8}.Debug|Any CPU.Build.0 = Debug|Any CPU
		{7E84D579-0FB3-4387-BB29-B9D08A5A06D8}.Release|Any CPU.ActiveCfg = Release|Any CPU
		{7E84D579-0FB3-4387-BB29-B9D08A5A06D8}.Release|Any CPU.Build.0 = Release|Any CPU
		{26654D73-325A-466B-AA0F-4707233DBB6A}.Debug|Any CPU.ActiveCfg = Debug|Any CPU
		{26654D73-325A-466B-AA0F-4707233DBB6A}.Debug|Any CPU.Build.0 = Debug|Any CPU
		{26654D73-325A-466B-AA0F-4707233DBB6A}.Release|Any CPU.ActiveCfg = Release|Any CPU
		{26654D73-325A-466B-AA0F-4707233DBB6A}.Release|Any CPU.Build.0 = Release|Any CPU
		{2FF9236B-57D5-4EF1-8315-C34F1D90BB94}.Debug|Any CPU.ActiveCfg = Debug|Any CPU
		{2FF9236B-57D5-4EF1-8315-C34F1D90BB94}.Debug|Any CPU.Build.0 = Debug|Any CPU
		{2FF9236B-57D5-4EF1-8315-C34F1D90BB94}.Release|Any CPU.ActiveCfg = Release|Any CPU
		{2FF9236B-57D5-4EF1-8315-C34F1D90BB94}.Release|Any CPU.Build.0 = Release|Any CPU
		{DA77BA2D-C293-4E5A-B2C1-5EAB3C3AC4BC}.Debug|Any CPU.ActiveCfg = Debug|Any CPU
		{DA77BA2D-C293-4E5A-B2C1-5EAB3C3AC4BC}.Debug|Any CPU.Build.0 = Debug|Any CPU
		{DA77BA2D-C293-4E5A-B2C1-5EAB3C3AC4BC}.Release|Any CPU.ActiveCfg = Release|Any CPU
		{DA77BA2D-C293-4E5A-B2C1-5EAB3C3AC4BC}.Release|Any CPU.Build.0 = Release|Any CPU
		{736BC199-38F5-4B9B-B9CB-77ECF74773EC}.Debug|Any CPU.ActiveCfg = Debug|Any CPU
		{736BC199-38F5-4B9B-B9CB-77ECF74773EC}.Debug|Any CPU.Build.0 = Debug|Any CPU
		{736BC199-38F5-4B9B-B9CB-77ECF74773EC}.Release|Any CPU.ActiveCfg = Release|Any CPU
		{736BC199-38F5-4B9B-B9CB-77ECF74773EC}.Release|Any CPU.Build.0 = Release|Any CPU
		{7088CE54-04A0-4014-BB3F-5482033AAE0F}.Debug|Any CPU.ActiveCfg = Debug|Any CPU
		{7088CE54-04A0-4014-BB3F-5482033AAE0F}.Debug|Any CPU.Build.0 = Debug|Any CPU
		{7088CE54-04A0-4014-BB3F-5482033AAE0F}.Release|Any CPU.ActiveCfg = Release|Any CPU
		{7088CE54-04A0-4014-BB3F-5482033AAE0F}.Release|Any CPU.Build.0 = Release|Any CPU
		{C116A1C7-870D-484B-8BF4-44F3DC4CAAC7}.Debug|Any CPU.ActiveCfg = Debug|Any CPU
		{C116A1C7-870D-484B-8BF4-44F3DC4CAAC7}.Debug|Any CPU.Build.0 = Debug|Any CPU
		{C116A1C7-870D-484B-8BF4-44F3DC4CAAC7}.Release|Any CPU.ActiveCfg = Release|Any CPU
		{C116A1C7-870D-484B-8BF4-44F3DC4CAAC7}.Release|Any CPU.Build.0 = Release|Any CPU
		{8CF6C709-31FB-4289-8076-CF161D767D54}.Debug|Any CPU.ActiveCfg = Debug|Any CPU
		{8CF6C709-31FB-4289-8076-CF161D767D54}.Debug|Any CPU.Build.0 = Debug|Any CPU
		{8CF6C709-31FB-4289-8076-CF161D767D54}.Release|Any CPU.ActiveCfg = Release|Any CPU
		{8CF6C709-31FB-4289-8076-CF161D767D54}.Release|Any CPU.Build.0 = Release|Any CPU
		{1D39AC4A-480B-4A42-8EF8-CA16AC9EA686}.Debug|Any CPU.ActiveCfg = Debug|Any CPU
		{1D39AC4A-480B-4A42-8EF8-CA16AC9EA686}.Debug|Any CPU.Build.0 = Debug|Any CPU
		{1D39AC4A-480B-4A42-8EF8-CA16AC9EA686}.Release|Any CPU.ActiveCfg = Release|Any CPU
		{1D39AC4A-480B-4A42-8EF8-CA16AC9EA686}.Release|Any CPU.Build.0 = Release|Any CPU
		{58C341D9-CDB5-4B1E-9111-A530ACE54166}.Debug|Any CPU.ActiveCfg = Debug|Any CPU
		{58C341D9-CDB5-4B1E-9111-A530ACE54166}.Debug|Any CPU.Build.0 = Debug|Any CPU
		{58C341D9-CDB5-4B1E-9111-A530ACE54166}.Release|Any CPU.ActiveCfg = Release|Any CPU
		{58C341D9-CDB5-4B1E-9111-A530ACE54166}.Release|Any CPU.Build.0 = Release|Any CPU
		{7CFC282C-3AA0-4890-B440-28A2AD11BA3E}.Debug|Any CPU.ActiveCfg = Debug|Any CPU
		{7CFC282C-3AA0-4890-B440-28A2AD11BA3E}.Debug|Any CPU.Build.0 = Debug|Any CPU
		{7CFC282C-3AA0-4890-B440-28A2AD11BA3E}.Release|Any CPU.ActiveCfg = Release|Any CPU
		{7CFC282C-3AA0-4890-B440-28A2AD11BA3E}.Release|Any CPU.Build.0 = Release|Any CPU
		{1F68901F-6302-458C-9FF7-A0E5D2070C85}.Debug|Any CPU.ActiveCfg = Debug|Any CPU
		{1F68901F-6302-458C-9FF7-A0E5D2070C85}.Debug|Any CPU.Build.0 = Debug|Any CPU
		{1F68901F-6302-458C-9FF7-A0E5D2070C85}.Release|Any CPU.ActiveCfg = Release|Any CPU
		{1F68901F-6302-458C-9FF7-A0E5D2070C85}.Release|Any CPU.Build.0 = Release|Any CPU
	EndGlobalSection
	GlobalSection(SolutionProperties) = preSolution
		HideSolutionNode = FALSE
	EndGlobalSection
	GlobalSection(ExtensibilityGlobals) = postSolution
		SolutionGuid = {A42982E4-6802-4645-8072-6A7CB4D6B04C}
	EndGlobalSection
EndGlobal
